// !$*UTF8*$!
{
	archiveVersion = 1;
	classes = {
	};
	objectVersion = 46;
	objects = {

/* Begin PBXBuildFile section */
		CE98570019C9B46800312E8B /* AppDelegate.swift in Sources */ = {isa = PBXBuildFile; fileRef = CE9856FF19C9B46800312E8B /* AppDelegate.swift */; };
		CE98570219C9B46800312E8B /* ViewController.swift in Sources */ = {isa = PBXBuildFile; fileRef = CE98570119C9B46800312E8B /* ViewController.swift */; };
		CE98570519C9B46900312E8B /* Main.storyboard in Resources */ = {isa = PBXBuildFile; fileRef = CE98570319C9B46900312E8B /* Main.storyboard */; };
		CE98570719C9B46900312E8B /* Images.xcassets in Resources */ = {isa = PBXBuildFile; fileRef = CE98570619C9B46900312E8B /* Images.xcassets */; };
		CE98570A19C9B46900312E8B /* LaunchScreen.xib in Resources */ = {isa = PBXBuildFile; fileRef = CE98570819C9B46900312E8B /* LaunchScreen.xib */; };
		CE98571619C9B46900312E8B /* aneTests.swift in Sources */ = {isa = PBXBuildFile; fileRef = CE98571519C9B46900312E8B /* aneTests.swift */; };
		CE98572819C9B52900312E8B /* KeyboardViewController.swift in Sources */ = {isa = PBXBuildFile; fileRef = CE98572719C9B52900312E8B /* KeyboardViewController.swift */; };
		CE98572B19C9B52900312E8B /* AneKeyboard.appex in Embed App Extensions */ = {isa = PBXBuildFile; fileRef = CE98572319C9B52900312E8B /* AneKeyboard.appex */; settings = {ATTRIBUTES = (RemoveHeadersOnCopy, ); }; };
		CE98573319C9B65100312E8B /* AneKeyboard.xib in Resources */ = {isa = PBXBuildFile; fileRef = CE98573219C9B65100312E8B /* AneKeyboard.xib */; };
/* End PBXBuildFile section */

/* Begin PBXContainerItemProxy section */
		CE98571019C9B46900312E8B /* PBXContainerItemProxy */ = {
			isa = PBXContainerItemProxy;
			containerPortal = CE9856F219C9B46800312E8B /* Project object */;
			proxyType = 1;
			remoteGlobalIDString = CE9856F919C9B46800312E8B;
			remoteInfo = ane;
		};
		CE98572919C9B52900312E8B /* PBXContainerItemProxy */ = {
			isa = PBXContainerItemProxy;
			containerPortal = CE9856F219C9B46800312E8B /* Project object */;
			proxyType = 1;
			remoteGlobalIDString = CE98572219C9B52900312E8B;
			remoteInfo = AneKeyboard;
		};
		CE98572C19C9B52900312E8B /* PBXContainerItemProxy */ = {
			isa = PBXContainerItemProxy;
			containerPortal = CE9856F219C9B46800312E8B /* Project object */;
			proxyType = 1;
			remoteGlobalIDString = CE98572219C9B52900312E8B;
			remoteInfo = AneKeyboard;
		};
/* End PBXContainerItemProxy section */

/* Begin PBXCopyFilesBuildPhase section */
		CE98573119C9B52900312E8B /* Embed App Extensions */ = {
			isa = PBXCopyFilesBuildPhase;
			buildActionMask = 2147483647;
			dstPath = "";
			dstSubfolderSpec = 13;
			files = (
				CE98572B19C9B52900312E8B /* AneKeyboard.appex in Embed App Extensions */,
			);
			name = "Embed App Extensions";
			runOnlyForDeploymentPostprocessing = 0;
		};
/* End PBXCopyFilesBuildPhase section */

/* Begin PBXFileReference section */
		CE9856FA19C9B46800312E8B /* ane.app */ = {isa = PBXFileReference; explicitFileType = wrapper.application; includeInIndex = 0; path = ane.app; sourceTree = BUILT_PRODUCTS_DIR; };
		CE9856FE19C9B46800312E8B /* Info.plist */ = {isa = PBXFileReference; lastKnownFileType = text.plist.xml; path = Info.plist; sourceTree = "<group>"; };
		CE9856FF19C9B46800312E8B /* AppDelegate.swift */ = {isa = PBXFileReference; lastKnownFileType = sourcecode.swift; path = AppDelegate.swift; sourceTree = "<group>"; };
		CE98570119C9B46800312E8B /* ViewController.swift */ = {isa = PBXFileReference; lastKnownFileType = sourcecode.swift; path = ViewController.swift; sourceTree = "<group>"; };
		CE98570419C9B46900312E8B /* Base */ = {isa = PBXFileReference; lastKnownFileType = file.storyboard; name = Base; path = Base.lproj/Main.storyboard; sourceTree = "<group>"; };
		CE98570619C9B46900312E8B /* Images.xcassets */ = {isa = PBXFileReference; lastKnownFileType = folder.assetcatalog; path = Images.xcassets; sourceTree = "<group>"; };
		CE98570919C9B46900312E8B /* Base */ = {isa = PBXFileReference; lastKnownFileType = file.xib; name = Base; path = Base.lproj/LaunchScreen.xib; sourceTree = "<group>"; };
		CE98570F19C9B46900312E8B /* aneTests.xctest */ = {isa = PBXFileReference; explicitFileType = wrapper.cfbundle; includeInIndex = 0; path = aneTests.xctest; sourceTree = BUILT_PRODUCTS_DIR; };
		CE98571419C9B46900312E8B /* Info.plist */ = {isa = PBXFileReference; lastKnownFileType = text.plist.xml; path = Info.plist; sourceTree = "<group>"; };
		CE98571519C9B46900312E8B /* aneTests.swift */ = {isa = PBXFileReference; lastKnownFileType = sourcecode.swift; path = aneTests.swift; sourceTree = "<group>"; };
		CE98572319C9B52900312E8B /* AneKeyboard.appex */ = {isa = PBXFileReference; explicitFileType = "wrapper.app-extension"; includeInIndex = 0; path = AneKeyboard.appex; sourceTree = BUILT_PRODUCTS_DIR; };
		CE98572619C9B52900312E8B /* Info.plist */ = {isa = PBXFileReference; lastKnownFileType = text.plist.xml; path = Info.plist; sourceTree = "<group>"; };
		CE98572719C9B52900312E8B /* KeyboardViewController.swift */ = {isa = PBXFileReference; lastKnownFileType = sourcecode.swift; path = KeyboardViewController.swift; sourceTree = "<group>"; };
		CE98573219C9B65100312E8B /* AneKeyboard.xib */ = {isa = PBXFileReference; fileEncoding = 4; lastKnownFileType = file.xib; path = AneKeyboard.xib; sourceTree = "<group>"; };
/* End PBXFileReference section */

/* Begin PBXFrameworksBuildPhase section */
		CE9856F719C9B46800312E8B /* Frameworks */ = {
			isa = PBXFrameworksBuildPhase;
			buildActionMask = 2147483647;
			files = (
			);
			runOnlyForDeploymentPostprocessing = 0;
		};
		CE98570C19C9B46900312E8B /* Frameworks */ = {
			isa = PBXFrameworksBuildPhase;
			buildActionMask = 2147483647;
			files = (
			);
			runOnlyForDeploymentPostprocessing = 0;
		};
		CE98572019C9B52900312E8B /* Frameworks */ = {
			isa = PBXFrameworksBuildPhase;
			buildActionMask = 2147483647;
			files = (
			);
			runOnlyForDeploymentPostprocessing = 0;
		};
/* End PBXFrameworksBuildPhase section */

/* Begin PBXGroup section */
		CE9856F119C9B46800312E8B = {
			isa = PBXGroup;
			children = (
				CE9856FC19C9B46800312E8B /* ane */,
				CE98571219C9B46900312E8B /* aneTests */,
				CE98572419C9B52900312E8B /* AneKeyboard */,
				CE9856FB19C9B46800312E8B /* Products */,
			);
			sourceTree = "<group>";
		};
		CE9856FB19C9B46800312E8B /* Products */ = {
			isa = PBXGroup;
			children = (
				CE9856FA19C9B46800312E8B /* ane.app */,
				CE98570F19C9B46900312E8B /* aneTests.xctest */,
				CE98572319C9B52900312E8B /* AneKeyboard.appex */,
			);
			name = Products;
			sourceTree = "<group>";
		};
		CE9856FC19C9B46800312E8B /* ane */ = {
			isa = PBXGroup;
			children = (
				CE9856FF19C9B46800312E8B /* AppDelegate.swift */,
				CE98570119C9B46800312E8B /* ViewController.swift */,
				CE98570319C9B46900312E8B /* Main.storyboard */,
				CE98570619C9B46900312E8B /* Images.xcassets */,
				CE98570819C9B46900312E8B /* LaunchScreen.xib */,
				CE9856FD19C9B46800312E8B /* Supporting Files */,
			);
			path = ane;
			sourceTree = "<group>";
		};
		CE9856FD19C9B46800312E8B /* Supporting Files */ = {
			isa = PBXGroup;
			children = (
				CE9856FE19C9B46800312E8B /* Info.plist */,
			);
			name = "Supporting Files";
			sourceTree = "<group>";
		};
		CE98571219C9B46900312E8B /* aneTests */ = {
			isa = PBXGroup;
			children = (
				CE98571519C9B46900312E8B /* aneTests.swift */,
				CE98571319C9B46900312E8B /* Supporting Files */,
			);
			path = aneTests;
			sourceTree = "<group>";
		};
		CE98571319C9B46900312E8B /* Supporting Files */ = {
			isa = PBXGroup;
			children = (
				CE98571419C9B46900312E8B /* Info.plist */,
			);
			name = "Supporting Files";
			sourceTree = "<group>";
		};
		CE98572419C9B52900312E8B /* AneKeyboard */ = {
			isa = PBXGroup;
			children = (
				CE98572719C9B52900312E8B /* KeyboardViewController.swift */,
				CE98572519C9B52900312E8B /* Supporting Files */,
				CE98573219C9B65100312E8B /* AneKeyboard.xib */,
			);
			path = AneKeyboard;
			sourceTree = "<group>";
		};
		CE98572519C9B52900312E8B /* Supporting Files */ = {
			isa = PBXGroup;
			children = (
				CE98572619C9B52900312E8B /* Info.plist */,
			);
			name = "Supporting Files";
			sourceTree = "<group>";
		};
/* End PBXGroup section */

/* Begin PBXNativeTarget section */
		CE9856F919C9B46800312E8B /* ane */ = {
			isa = PBXNativeTarget;
			buildConfigurationList = CE98571919C9B46900312E8B /* Build configuration list for PBXNativeTarget "ane" */;
			buildPhases = (
				CE9856F619C9B46800312E8B /* Sources */,
				CE9856F719C9B46800312E8B /* Frameworks */,
				CE9856F819C9B46800312E8B /* Resources */,
				CE98573119C9B52900312E8B /* Embed App Extensions */,
			);
			buildRules = (
			);
			dependencies = (
				CE98572A19C9B52900312E8B /* PBXTargetDependency */,
				CE98572D19C9B52900312E8B /* PBXTargetDependency */,
			);
			name = ane;
			productName = ane;
			productReference = CE9856FA19C9B46800312E8B /* ane.app */;
			productType = "com.apple.product-type.application";
		};
		CE98570E19C9B46900312E8B /* aneTests */ = {
			isa = PBXNativeTarget;
			buildConfigurationList = CE98571C19C9B46900312E8B /* Build configuration list for PBXNativeTarget "aneTests" */;
			buildPhases = (
				CE98570B19C9B46900312E8B /* Sources */,
				CE98570C19C9B46900312E8B /* Frameworks */,
				CE98570D19C9B46900312E8B /* Resources */,
			);
			buildRules = (
			);
			dependencies = (
				CE98571119C9B46900312E8B /* PBXTargetDependency */,
			);
			name = aneTests;
			productName = aneTests;
			productReference = CE98570F19C9B46900312E8B /* aneTests.xctest */;
			productType = "com.apple.product-type.bundle.unit-test";
		};
		CE98572219C9B52900312E8B /* AneKeyboard */ = {
			isa = PBXNativeTarget;
			buildConfigurationList = CE98572E19C9B52900312E8B /* Build configuration list for PBXNativeTarget "AneKeyboard" */;
			buildPhases = (
				CE98571F19C9B52900312E8B /* Sources */,
				CE98572019C9B52900312E8B /* Frameworks */,
				CE98572119C9B52900312E8B /* Resources */,
			);
			buildRules = (
			);
			dependencies = (
			);
			name = AneKeyboard;
			productName = AneKeyboard;
			productReference = CE98572319C9B52900312E8B /* AneKeyboard.appex */;
			productType = "com.apple.product-type.app-extension";
		};
/* End PBXNativeTarget section */

/* Begin PBXProject section */
		CE9856F219C9B46800312E8B /* Project object */ = {
			isa = PBXProject;
			attributes = {
				LastUpgradeCheck = 0600;
				ORGANIZATIONNAME = kugimiya;
				TargetAttributes = {
					CE9856F919C9B46800312E8B = {
						CreatedOnToolsVersion = 6.0;
					};
					CE98570E19C9B46900312E8B = {
						CreatedOnToolsVersion = 6.0;
						TestTargetID = CE9856F919C9B46800312E8B;
					};
					CE98572219C9B52900312E8B = {
						CreatedOnToolsVersion = 6.0;
					};
				};
			};
			buildConfigurationList = CE9856F519C9B46800312E8B /* Build configuration list for PBXProject "ane" */;
			compatibilityVersion = "Xcode 3.2";
			developmentRegion = English;
			hasScannedForEncodings = 0;
			knownRegions = (
				en,
				Base,
			);
			mainGroup = CE9856F119C9B46800312E8B;
			productRefGroup = CE9856FB19C9B46800312E8B /* Products */;
			projectDirPath = "";
			projectRoot = "";
			targets = (
				CE9856F919C9B46800312E8B /* ane */,
				CE98570E19C9B46900312E8B /* aneTests */,
				CE98572219C9B52900312E8B /* AneKeyboard */,
			);
		};
/* End PBXProject section */

/* Begin PBXResourcesBuildPhase section */
		CE9856F819C9B46800312E8B /* Resources */ = {
			isa = PBXResourcesBuildPhase;
			buildActionMask = 2147483647;
			files = (
				CE98570519C9B46900312E8B /* Main.storyboard in Resources */,
				CE98570A19C9B46900312E8B /* LaunchScreen.xib in Resources */,
				CE98570719C9B46900312E8B /* Images.xcassets in Resources */,
			);
			runOnlyForDeploymentPostprocessing = 0;
		};
		CE98570D19C9B46900312E8B /* Resources */ = {
			isa = PBXResourcesBuildPhase;
			buildActionMask = 2147483647;
			files = (
			);
			runOnlyForDeploymentPostprocessing = 0;
		};
		CE98572119C9B52900312E8B /* Resources */ = {
			isa = PBXResourcesBuildPhase;
			buildActionMask = 2147483647;
			files = (
				CE98573319C9B65100312E8B /* AneKeyboard.xib in Resources */,
			);
			runOnlyForDeploymentPostprocessing = 0;
		};
/* End PBXResourcesBuildPhase section */

/* Begin PBXSourcesBuildPhase section */
		CE9856F619C9B46800312E8B /* Sources */ = {
			isa = PBXSourcesBuildPhase;
			buildActionMask = 2147483647;
			files = (
				CE98570219C9B46800312E8B /* ViewController.swift in Sources */,
				CE98570019C9B46800312E8B /* AppDelegate.swift in Sources */,
			);
			runOnlyForDeploymentPostprocessing = 0;
		};
		CE98570B19C9B46900312E8B /* Sources */ = {
			isa = PBXSourcesBuildPhase;
			buildActionMask = 2147483647;
			files = (
				CE98571619C9B46900312E8B /* aneTests.swift in Sources */,
			);
			runOnlyForDeploymentPostprocessing = 0;
		};
		CE98571F19C9B52900312E8B /* Sources */ = {
			isa = PBXSourcesBuildPhase;
			buildActionMask = 2147483647;
			files = (
				CE98572819C9B52900312E8B /* KeyboardViewController.swift in Sources */,
			);
			runOnlyForDeploymentPostprocessing = 0;
		};
/* End PBXSourcesBuildPhase section */

/* Begin PBXTargetDependency section */
		CE98571119C9B46900312E8B /* PBXTargetDependency */ = {
			isa = PBXTargetDependency;
			target = CE9856F919C9B46800312E8B /* ane */;
			targetProxy = CE98571019C9B46900312E8B /* PBXContainerItemProxy */;
		};
		CE98572A19C9B52900312E8B /* PBXTargetDependency */ = {
			isa = PBXTargetDependency;
			target = CE98572219C9B52900312E8B /* AneKeyboard */;
			targetProxy = CE98572919C9B52900312E8B /* PBXContainerItemProxy */;
		};
		CE98572D19C9B52900312E8B /* PBXTargetDependency */ = {
			isa = PBXTargetDependency;
			target = CE98572219C9B52900312E8B /* AneKeyboard */;
			targetProxy = CE98572C19C9B52900312E8B /* PBXContainerItemProxy */;
		};
/* End PBXTargetDependency section */

/* Begin PBXVariantGroup section */
		CE98570319C9B46900312E8B /* Main.storyboard */ = {
			isa = PBXVariantGroup;
			children = (
				CE98570419C9B46900312E8B /* Base */,
			);
			name = Main.storyboard;
			sourceTree = "<group>";
		};
		CE98570819C9B46900312E8B /* LaunchScreen.xib */ = {
			isa = PBXVariantGroup;
			children = (
				CE98570919C9B46900312E8B /* Base */,
			);
			name = LaunchScreen.xib;
			sourceTree = "<group>";
		};
/* End PBXVariantGroup section */

/* Begin XCBuildConfiguration section */
		CE98571719C9B46900312E8B /* Debug */ = {
			isa = XCBuildConfiguration;
			buildSettings = {
				ALWAYS_SEARCH_USER_PATHS = NO;
				CLANG_CXX_LANGUAGE_STANDARD = "gnu++0x";
				CLANG_CXX_LIBRARY = "libc++";
				CLANG_ENABLE_MODULES = YES;
				CLANG_ENABLE_OBJC_ARC = YES;
				CLANG_WARN_BOOL_CONVERSION = YES;
				CLANG_WARN_CONSTANT_CONVERSION = YES;
				CLANG_WARN_DIRECT_OBJC_ISA_USAGE = YES_ERROR;
				CLANG_WARN_EMPTY_BODY = YES;
				CLANG_WARN_ENUM_CONVERSION = YES;
				CLANG_WARN_INT_CONVERSION = YES;
				CLANG_WARN_OBJC_ROOT_CLASS = YES_ERROR;
				CLANG_WARN_UNREACHABLE_CODE = YES;
				CLANG_WARN__DUPLICATE_METHOD_MATCH = YES;
				"CODE_SIGN_IDENTITY[sdk=iphoneos*]" = "iPhone Developer";
				COPY_PHASE_STRIP = NO;
				ENABLE_STRICT_OBJC_MSGSEND = YES;
				GCC_C_LANGUAGE_STANDARD = gnu99;
				GCC_DYNAMIC_NO_PIC = NO;
				GCC_OPTIMIZATION_LEVEL = 0;
				GCC_PREPROCESSOR_DEFINITIONS = (
					"DEBUG=1",
					"$(inherited)",
				);
				GCC_SYMBOLS_PRIVATE_EXTERN = NO;
				GCC_WARN_64_TO_32_BIT_CONVERSION = YES;
				GCC_WARN_ABOUT_RETURN_TYPE = YES_ERROR;
				GCC_WARN_UNDECLARED_SELECTOR = YES;
				GCC_WARN_UNINITIALIZED_AUTOS = YES_AGGRESSIVE;
				GCC_WARN_UNUSED_FUNCTION = YES;
				GCC_WARN_UNUSED_VARIABLE = YES;
				IPHONEOS_DEPLOYMENT_TARGET = 8.0;
				MTL_ENABLE_DEBUG_INFO = YES;
				ONLY_ACTIVE_ARCH = YES;
				SDKROOT = iphoneos;
				SWIFT_OPTIMIZATION_LEVEL = "-Onone";
			};
			name = Debug;
		};
		CE98571819C9B46900312E8B /* Release */ = {
			isa = XCBuildConfiguration;
			buildSettings = {
				ALWAYS_SEARCH_USER_PATHS = NO;
				CLANG_CXX_LANGUAGE_STANDARD = "gnu++0x";
				CLANG_CXX_LIBRARY = "libc++";
				CLANG_ENABLE_MODULES = YES;
				CLANG_ENABLE_OBJC_ARC = YES;
				CLANG_WARN_BOOL_CONVERSION = YES;
				CLANG_WARN_CONSTANT_CONVERSION = YES;
				CLANG_WARN_DIRECT_OBJC_ISA_USAGE = YES_ERROR;
				CLANG_WARN_EMPTY_BODY = YES;
				CLANG_WARN_ENUM_CONVERSION = YES;
				CLANG_WARN_INT_CONVERSION = YES;
				CLANG_WARN_OBJC_ROOT_CLASS = YES_ERROR;
				CLANG_WARN_UNREACHABLE_CODE = YES;
				CLANG_WARN__DUPLICATE_METHOD_MATCH = YES;
				"CODE_SIGN_IDENTITY[sdk=iphoneos*]" = "iPhone Developer";
				COPY_PHASE_STRIP = YES;
				ENABLE_NS_ASSERTIONS = NO;
				ENABLE_STRICT_OBJC_MSGSEND = YES;
				GCC_C_LANGUAGE_STANDARD = gnu99;
				GCC_WARN_64_TO_32_BIT_CONVERSION = YES;
				GCC_WARN_ABOUT_RETURN_TYPE = YES_ERROR;
				GCC_WARN_UNDECLARED_SELECTOR = YES;
				GCC_WARN_UNINITIALIZED_AUTOS = YES_AGGRESSIVE;
				GCC_WARN_UNUSED_FUNCTION = YES;
				GCC_WARN_UNUSED_VARIABLE = YES;
				IPHONEOS_DEPLOYMENT_TARGET = 8.0;
				MTL_ENABLE_DEBUG_INFO = NO;
				SDKROOT = iphoneos;
				VALIDATE_PRODUCT = YES;
			};
			name = Release;
		};
		CE98571A19C9B46900312E8B /* Debug */ = {
			isa = XCBuildConfiguration;
			buildSettings = {
				ASSETCATALOG_COMPILER_APPICON_NAME = AppIcon;
				INFOPLIST_FILE = ane/Info.plist;
				LD_RUNPATH_SEARCH_PATHS = "$(inherited) @executable_path/Frameworks";
				PRODUCT_NAME = "$(TARGET_NAME)";
			};
			name = Debug;
		};
		CE98571B19C9B46900312E8B /* Release */ = {
			isa = XCBuildConfiguration;
			buildSettings = {
				ASSETCATALOG_COMPILER_APPICON_NAME = AppIcon;
				INFOPLIST_FILE = ane/Info.plist;
				LD_RUNPATH_SEARCH_PATHS = "$(inherited) @executable_path/Frameworks";
				PRODUCT_NAME = "$(TARGET_NAME)";
			};
			name = Release;
		};
		CE98571D19C9B46900312E8B /* Debug */ = {
			isa = XCBuildConfiguration;
			buildSettings = {
				BUNDLE_LOADER = "$(TEST_HOST)";
				FRAMEWORK_SEARCH_PATHS = (
					"$(SDKROOT)/Developer/Library/Frameworks",
					"$(inherited)",
				);
				GCC_PREPROCESSOR_DEFINITIONS = (
					"DEBUG=1",
					"$(inherited)",
				);
				INFOPLIST_FILE = aneTests/Info.plist;
				LD_RUNPATH_SEARCH_PATHS = "$(inherited) @executable_path/Frameworks @loader_path/Frameworks";
				PRODUCT_NAME = "$(TARGET_NAME)";
				TEST_HOST = "$(BUILT_PRODUCTS_DIR)/ane.app/ane";
			};
			name = Debug;
		};
		CE98571E19C9B46900312E8B /* Release */ = {
			isa = XCBuildConfiguration;
			buildSettings = {
				BUNDLE_LOADER = "$(TEST_HOST)";
				FRAMEWORK_SEARCH_PATHS = (
					"$(SDKROOT)/Developer/Library/Frameworks",
					"$(inherited)",
				);
				INFOPLIST_FILE = aneTests/Info.plist;
				LD_RUNPATH_SEARCH_PATHS = "$(inherited) @executable_path/Frameworks @loader_path/Frameworks";
				PRODUCT_NAME = "$(TARGET_NAME)";
				TEST_HOST = "$(BUILT_PRODUCTS_DIR)/ane.app/ane";
			};
			name = Release;
		};
		CE98572F19C9B52900312E8B /* Debug */ = {
			isa = XCBuildConfiguration;
			buildSettings = {
				GCC_PREPROCESSOR_DEFINITIONS = (
					"DEBUG=1",
					"$(inherited)",
				);
				INFOPLIST_FILE = AneKeyboard/Info.plist;
				LD_RUNPATH_SEARCH_PATHS = "$(inherited) @executable_path/Frameworks @executable_path/../../Frameworks";
				PRODUCT_NAME = "$(TARGET_NAME)";
				SKIP_INSTALL = YES;
			};
			name = Debug;
		};
		CE98573019C9B52900312E8B /* Release */ = {
			isa = XCBuildConfiguration;
			buildSettings = {
				INFOPLIST_FILE = AneKeyboard/Info.plist;
				LD_RUNPATH_SEARCH_PATHS = "$(inherited) @executable_path/Frameworks @executable_path/../../Frameworks";
				PRODUCT_NAME = "$(TARGET_NAME)";
				SKIP_INSTALL = YES;
			};
			name = Release;
		};
/* End XCBuildConfiguration section */

/* Begin XCConfigurationList section */
		CE9856F519C9B46800312E8B /* Build configuration list for PBXProject "ane" */ = {
			isa = XCConfigurationList;
			buildConfigurations = (
				CE98571719C9B46900312E8B /* Debug */,
				CE98571819C9B46900312E8B /* Release */,
			);
			defaultConfigurationIsVisible = 0;
			defaultConfigurationName = Release;
		};
		CE98571919C9B46900312E8B /* Build configuration list for PBXNativeTarget "ane" */ = {
			isa = XCConfigurationList;
			buildConfigurations = (
				CE98571A19C9B46900312E8B /* Debug */,
				CE98571B19C9B46900312E8B /* Release */,
			);
			defaultConfigurationIsVisible = 0;
		};
		CE98571C19C9B46900312E8B /* Build configuration list for PBXNativeTarget "aneTests" */ = {
			isa = XCConfigurationList;
			buildConfigurations = (
				CE98571D19C9B46900312E8B /* Debug */,
				CE98571E19C9B46900312E8B /* Release */,
			);
			defaultConfigurationIsVisible = 0;
		};
		CE98572E19C9B52900312E8B /* Build configuration list for PBXNativeTarget "AneKeyboard" */ = {
			isa = XCConfigurationList;
			buildConfigurations = (
				CE98572F19C9B52900312E8B /* Debug */,
				CE98573019C9B52900312E8B /* Release */,
			);
			defaultConfigurationIsVisible = 0;
		};
/* End XCConfigurationList section */
	};
	rootObject = CE9856F219C9B46800312E8B /* Project object */;
}
